
Microsoft Visual Studio Solution File, Format Version 12.00
# Visual Studio 15
VisualStudioVersion = 15.0.28307.438
MinimumVisualStudioVersion = 10.0.40219.1
Project("{FAE04EC0-301F-11D3-BF4B-00C04F79EFBC}") = "HammingNeuralNetwork", "HammingNeuralNetwork\HammingNeuralNetwork.csproj", "{5A23C2C2-0A3E-4091-94DA-F29D8DFCE479}"
EndProject
Global
	GlobalSection(SolutionConfigurationPlatforms) = preSolution
		Debug|Any CPU = Debug|Any CPU
		Release|Any CPU = Release|Any CPU
	EndGlobalSection
	GlobalSection(ProjectConfigurationPlatforms) = postSolution
		{5A23C2C2-0A3E-4091-94DA-F29D8DFCE479}.Debug|Any CPU.ActiveCfg = Debug|Any CPU
		{5A23C2C2-0A3E-4091-94DA-F29D8DFCE479}.Debug|Any CPU.Build.0 = Debug|Any CPU
		{5A23C2C2-0A3E-4091-94DA-F29D8DFCE479}.Release|Any CPU.ActiveCfg = Release|Any CPU
		{5A23C2C2-0A3E-4091-94DA-F29D8DFCE479}.Release|Any CPU.Build.0 = Release|Any CPU
	EndGlobalSection
	GlobalSection(SolutionProperties) = preSolution
		HideSolutionNode = FALSE
	EndGlobalSection
	GlobalSection(ExtensibilityGlobals) = postSolution
		SolutionGuid = {A6BC78C1-F629-4395-A1E6-4229FA4BFD05}
	EndGlobalSection
EndGlobal
